
Microsoft Visual Studio Solution File, Format Version 12.00
# Visual Studio Version 17
VisualStudioVersion = 17.9.34723.18
MinimumVisualStudioVersion = 10.0.40219.1
Project("{9A19103F-16F7-4668-BE54-9A1E7A4F7556}") = "TRX_Merger", "TRX_Merger\TRX_Merger.csproj", "{F6C37BF1-C013-430C-85FD-93F64CA467ED}"
EndProject
Project("{FAE04EC0-301F-11D3-BF4B-00C04F79EFBC}") = "TRX_Merger.Tests", "TRX_Merger.Tests\TRX_Merger.Tests.csproj", "{89260200-C973-4FE6-BE1D-53A026B70988}"
EndProject
Global
	GlobalSection(SolutionConfigurationPlatforms) = preSolution
		Debug|Any CPU = Debug|Any CPU
		Release|Any CPU = Release|Any CPU
	EndGlobalSection
	GlobalSection(ProjectConfigurationPlatforms) = postSolution
		{F6C37BF1-C013-430C-85FD-93F64CA467ED}.Debug|Any CPU.ActiveCfg = Debug|Any CPU
		{F6C37BF1-C013-430C-85FD-93F64CA467ED}.Debug|Any CPU.Build.0 = Debug|Any CPU
		{F6C37BF1-C013-430C-85FD-93F64CA467ED}.Release|Any CPU.ActiveCfg = Release|Any CPU
		{F6C37BF1-C013-430C-85FD-93F64CA467ED}.Release|Any CPU.Build.0 = Release|Any CPU
		{89260200-C973-4FE6-BE1D-53A026B70988}.Debug|Any CPU.ActiveCfg = Debug|Any CPU
		{89260200-C973-4FE6-BE1D-53A026B70988}.Debug|Any CPU.Build.0 = Debug|Any CPU
		{89260200-C973-4FE6-BE1D-53A026B70988}.Release|Any CPU.ActiveCfg = Release|Any CPU
		{89260200-C973-4FE6-BE1D-53A026B70988}.Release|Any CPU.Build.0 = Release|Any CPU
	EndGlobalSection
	GlobalSection(SolutionProperties) = preSolution
		HideSolutionNode = FALSE
	EndGlobalSection
EndGlobal
